dependencies:
- name: postgresql
  repository: oci://registry-1.docker.io/bitnamicharts
  version: 16.7.27
- name: mariadb
  repository: oci://registry-1.docker.io/bitnamicharts
  version: 22.0.0
- name: common
  repository: oci://registry-1.docker.io/bitnamicharts
  version: 2.31.4
digest: sha256:8d6d06442bf9383ca2d586923d7e3f38310e9e0e514c1f98b0153300899218a7
generated: "2025-09-01T13:11:59.246980755Z"
